# This file is automatically @generated by Cargo.
# It is not intended for manual editing.
version = 4

[[package]]
name = "tsp"
version = "0.1.0"
dependencies = [
 "tsplib",
]

[[package]]
name = "tsplib"
version = "0.1.0"
source = "registry+https://github.com/rust-lang/crates.io-index"
checksum = "fd1ee98b4a4082bf235d5f75b1d70e91c422894c024022742345eb75e1f675be"
